
Microsoft Visual Studio Solution File, Format Version 12.00
# Visual Studio Version 17
VisualStudioVersion = 17.4.33122.133
MinimumVisualStudioVersion = 10.0.40219.1
Project("{FAE04EC0-301F-11D3-BF4B-00C04F79EFBC}") = "HomeWork_29_", "HomeWork_29_\HomeWork_29_.csproj", "{B5F87FCA-3E4D-40E6-98B7-1CD41E73D16A}"
EndProject
Project("{FAE04EC0-301F-11D3-BF4B-00C04F79EFBC}") = "HomeWork_29_DB", "HomeWork_29_DB\HomeWork_29_DB.csproj", "{2D14F6FD-562D-428B-9C98-88D5801981B6}"
EndProject
Project("{FAE04EC0-301F-11D3-BF4B-00C04F79EFBC}") = "HW_29.Interfaces", "HW_29.Interfaces\HW_29.Interfaces.csproj", "{AE7B093C-34D3-45DF-82CB-D7D78B1133F6}"
EndProject
Global
	GlobalSection(SolutionConfigurationPlatforms) = preSolution
		Debug|Any CPU = Debug|Any CPU
		Release|Any CPU = Release|Any CPU
	EndGlobalSection
	GlobalSection(ProjectConfigurationPlatforms) = postSolution
		{B5F87FCA-3E4D-40E6-98B7-1CD41E73D16A}.Debug|Any CPU.ActiveCfg = Debug|Any CPU
		{B5F87FCA-3E4D-40E6-98B7-1CD41E73D16A}.Debug|Any CPU.Build.0 = Debug|Any CPU
		{B5F87FCA-3E4D-40E6-98B7-1CD41E73D16A}.Release|Any CPU.ActiveCfg = Release|Any CPU
		{B5F87FCA-3E4D-40E6-98B7-1CD41E73D16A}.Release|Any CPU.Build.0 = Release|Any CPU
		{2D14F6FD-562D-428B-9C98-88D5801981B6}.Debug|Any CPU.ActiveCfg = Debug|Any CPU
		{2D14F6FD-562D-428B-9C98-88D5801981B6}.Debug|Any CPU.Build.0 = Debug|Any CPU
		{2D14F6FD-562D-428B-9C98-88D5801981B6}.Release|Any CPU.ActiveCfg = Release|Any CPU
		{2D14F6FD-562D-428B-9C98-88D5801981B6}.Release|Any CPU.Build.0 = Release|Any CPU
		{AE7B093C-34D3-45DF-82CB-D7D78B1133F6}.Debug|Any CPU.ActiveCfg = Debug|Any CPU
		{AE7B093C-34D3-45DF-82CB-D7D78B1133F6}.Debug|Any CPU.Build.0 = Debug|Any CPU
		{AE7B093C-34D3-45DF-82CB-D7D78B1133F6}.Release|Any CPU.ActiveCfg = Release|Any CPU
		{AE7B093C-34D3-45DF-82CB-D7D78B1133F6}.Release|Any CPU.Build.0 = Release|Any CPU
	EndGlobalSection
	GlobalSection(SolutionProperties) = preSolution
		HideSolutionNode = FALSE
	EndGlobalSection
	GlobalSection(ExtensibilityGlobals) = postSolution
		SolutionGuid = {086248F2-3D99-4B66-9E60-1ACA6950B89B}
	EndGlobalSection
EndGlobal
